// !$*UTF8*$!
{
	archiveVersion = 1;
	classes = {
	};
	objectVersion = 46;
	objects = {

/* Begin PBXBuildFile section */
		799E44E91AFC0D5A00E66A24 /* AppDelegate.swift in Sources */ = {isa = PBXBuildFile; fileRef = 799E44E81AFC0D5A00E66A24 /* AppDelegate.swift */; };
		799E44EB1AFC0D5A00E66A24 /* ViewController.swift in Sources */ = {isa = PBXBuildFile; fileRef = 799E44EA1AFC0D5A00E66A24 /* ViewController.swift */; };
		799E44EE1AFC0D5A00E66A24 /* Main.storyboard in Resources */ = {isa = PBXBuildFile; fileRef = 799E44EC1AFC0D5A00E66A24 /* Main.storyboard */; };
		799E44F01AFC0D5A00E66A24 /* Images.xcassets in Resources */ = {isa = PBXBuildFile; fileRef = 799E44EF1AFC0D5A00E66A24 /* Images.xcassets */; };
		799E44F31AFC0D5A00E66A24 /* LaunchScreen.xib in Resources */ = {isa = PBXBuildFile; fileRef = 799E44F11AFC0D5A00E66A24 /* LaunchScreen.xib */; };
		799E44FF1AFC0D5A00E66A24 /* ZekunAppTests.swift in Sources */ = {isa = PBXBuildFile; fileRef = 799E44FE1AFC0D5A00E66A24 /* ZekunAppTests.swift */; };
		799E45091AFC0F7000E66A24 /* gray_world-640x384.png.gif in Resources */ = {isa = PBXBuildFile; fileRef = 799E45081AFC0F7000E66A24 /* gray_world-640x384.png.gif */; };
		799E450B1AFC18F900E66A24 /* satellite2.jpg in Resources */ = {isa = PBXBuildFile; fileRef = 799E450A1AFC18F900E66A24 /* satellite2.jpg */; };
/* End PBXBuildFile section */

/* Begin PBXContainerItemProxy section */
		799E44F91AFC0D5A00E66A24 /* PBXContainerItemProxy */ = {
			isa = PBXContainerItemProxy;
			containerPortal = 799E44DB1AFC0D5A00E66A24 /* Project object */;
			proxyType = 1;
			remoteGlobalIDString = 799E44E21AFC0D5A00E66A24;
			remoteInfo = ZekunApp;
		};
/* End PBXContainerItemProxy section */

/* Begin PBXFileReference section */
		799E44E31AFC0D5A00E66A24 /* ZekunApp.app */ = {isa = PBXFileReference; explicitFileType = wrapper.application; includeInIndex = 0; path = ZekunApp.app; sourceTree = BUILT_PRODUCTS_DIR; };
		799E44E71AFC0D5A00E66A24 /* Info.plist */ = {isa = PBXFileReference; lastKnownFileType = text.plist.xml; path = Info.plist; sourceTree = "<group>"; };
		799E44E81AFC0D5A00E66A24 /* AppDelegate.swift */ = {isa = PBXFileReference; lastKnownFileType = sourcecode.swift; path = AppDelegate.swift; sourceTree = "<group>"; };
		799E44EA1AFC0D5A00E66A24 /* ViewController.swift */ = {isa = PBXFileReference; lastKnownFileType = sourcecode.swift; path = ViewController.swift; sourceTree = "<group>"; };
		799E44ED1AFC0D5A00E66A24 /* Base */ = {isa = PBXFileReference; lastKnownFileType = file.storyboard; name = Base; path = Base.lproj/Main.storyboard; sourceTree = "<group>"; };
		799E44EF1AFC0D5A00E66A24 /* Images.xcassets */ = {isa = PBXFileReference; lastKnownFileType = folder.assetcatalog; path = Images.xcassets; sourceTree = "<group>"; };
		799E44F21AFC0D5A00E66A24 /* Base */ = {isa = PBXFileReference; lastKnownFileType = file.xib; name = Base; path = Base.lproj/LaunchScreen.xib; sourceTree = "<group>"; };
		799E44F81AFC0D5A00E66A24 /* ZekunAppTests.xctest */ = {isa = PBXFileReference; explicitFileType = wrapper.cfbundle; includeInIndex = 0; path = ZekunAppTests.xctest; sourceTree = BUILT_PRODUCTS_DIR; };
		799E44FD1AFC0D5A00E66A24 /* Info.plist */ = {isa = PBXFileReference; lastKnownFileType = text.plist.xml; path = Info.plist; sourceTree = "<group>"; };
		799E44FE1AFC0D5A00E66A24 /* ZekunAppTests.swift */ = {isa = PBXFileReference; lastKnownFileType = sourcecode.swift; path = ZekunAppTests.swift; sourceTree = "<group>"; };
		799E45081AFC0F7000E66A24 /* gray_world-640x384.png.gif */ = {isa = PBXFileReference; lastKnownFileType = image.gif; name = "gray_world-640x384.png.gif"; path = "../../gray_world-640x384.png.gif"; sourceTree = "<group>"; };
		799E450A1AFC18F900E66A24 /* satellite2.jpg */ = {isa = PBXFileReference; lastKnownFileType = image.jpeg; name = satellite2.jpg; path = ../../satellite2.jpg; sourceTree = "<group>"; };
/* End PBXFileReference section */

/* Begin PBXFrameworksBuildPhase section */
		799E44E01AFC0D5A00E66A24 /* Frameworks */ = {
			isa = PBXFrameworksBuildPhase;
			buildActionMask = 2147483647;
			files = (
			);
			runOnlyForDeploymentPostprocessing = 0;
		};
		799E44F51AFC0D5A00E66A24 /* Frameworks */ = {
			isa = PBXFrameworksBuildPhase;
			buildActionMask = 2147483647;
			files = (
			);
			runOnlyForDeploymentPostprocessing = 0;
		};
/* End PBXFrameworksBuildPhase section */

/* Begin PBXGroup section */
		799E44DA1AFC0D5A00E66A24 = {
			isa = PBXGroup;
			children = (
				799E44E51AFC0D5A00E66A24 /* ZekunApp */,
				799E44FB1AFC0D5A00E66A24 /* ZekunAppTests */,
				799E44E41AFC0D5A00E66A24 /* Products */,
			);
			sourceTree = "<group>";
		};
		799E44E41AFC0D5A00E66A24 /* Products */ = {
			isa = PBXGroup;
			children = (
				799E44E31AFC0D5A00E66A24 /* ZekunApp.app */,
				799E44F81AFC0D5A00E66A24 /* ZekunAppTests.xctest */,
			);
			name = Products;
			sourceTree = "<group>";
		};
		799E44E51AFC0D5A00E66A24 /* ZekunApp */ = {
			isa = PBXGroup;
			children = (
				799E450A1AFC18F900E66A24 /* satellite2.jpg */,
				799E45081AFC0F7000E66A24 /* gray_world-640x384.png.gif */,
				799E44E81AFC0D5A00E66A24 /* AppDelegate.swift */,
				799E44EA1AFC0D5A00E66A24 /* ViewController.swift */,
				799E44EC1AFC0D5A00E66A24 /* Main.storyboard */,
				799E44EF1AFC0D5A00E66A24 /* Images.xcassets */,
				799E44F11AFC0D5A00E66A24 /* LaunchScreen.xib */,
				799E44E61AFC0D5A00E66A24 /* Supporting Files */,
			);
			path = ZekunApp;
			sourceTree = "<group>";
		};
		799E44E61AFC0D5A00E66A24 /* Supporting Files */ = {
			isa = PBXGroup;
			children = (
				799E44E71AFC0D5A00E66A24 /* Info.plist */,
			);
			name = "Supporting Files";
			sourceTree = "<group>";
		};
		799E44FB1AFC0D5A00E66A24 /* ZekunAppTests */ = {
			isa = PBXGroup;
			children = (
				799E44FE1AFC0D5A00E66A24 /* ZekunAppTests.swift */,
				799E44FC1AFC0D5A00E66A24 /* Supporting Files */,
			);
			path = ZekunAppTests;
			sourceTree = "<group>";
		};
		799E44FC1AFC0D5A00E66A24 /* Supporting Files */ = {
			isa = PBXGroup;
			children = (
				799E44FD1AFC0D5A00E66A24 /* Info.plist */,
			);
			name = "Supporting Files";
			sourceTree = "<group>";
		};
/* End PBXGroup section */

/* Begin PBXNativeTarget section */
		799E44E21AFC0D5A00E66A24 /* ZekunApp */ = {
			isa = PBXNativeTarget;
			buildConfigurationList = 799E45021AFC0D5A00E66A24 /* Build configuration list for PBXNativeTarget "ZekunApp" */;
			buildPhases = (
				799E44DF1AFC0D5A00E66A24 /* Sources */,
				799E44E01AFC0D5A00E66A24 /* Frameworks */,
				799E44E11AFC0D5A00E66A24 /* Resources */,
			);
			buildRules = (
			);
			dependencies = (
			);
			name = ZekunApp;
			productName = ZekunApp;
			productReference = 799E44E31AFC0D5A00E66A24 /* ZekunApp.app */;
			productType = "com.apple.product-type.application";
		};
		799E44F71AFC0D5A00E66A24 /* ZekunAppTests */ = {
			isa = PBXNativeTarget;
			buildConfigurationList = 799E45051AFC0D5A00E66A24 /* Build configuration list for PBXNativeTarget "ZekunAppTests" */;
			buildPhases = (
				799E44F41AFC0D5A00E66A24 /* Sources */,
				799E44F51AFC0D5A00E66A24 /* Frameworks */,
				799E44F61AFC0D5A00E66A24 /* Resources */,
			);
			buildRules = (
			);
			dependencies = (
				799E44FA1AFC0D5A00E66A24 /* PBXTargetDependency */,
			);
			name = ZekunAppTests;
			productName = ZekunAppTests;
			productReference = 799E44F81AFC0D5A00E66A24 /* ZekunAppTests.xctest */;
			productType = "com.apple.product-type.bundle.unit-test";
		};
/* End PBXNativeTarget section */

/* Begin PBXProject section */
		799E44DB1AFC0D5A00E66A24 /* Project object */ = {
			isa = PBXProject;
			attributes = {
				LastUpgradeCheck = 0630;
				ORGANIZATIONNAME = "Zekun Wang";
				TargetAttributes = {
					799E44E21AFC0D5A00E66A24 = {
						CreatedOnToolsVersion = 6.3.1;
					};
					799E44F71AFC0D5A00E66A24 = {
						CreatedOnToolsVersion = 6.3.1;
						TestTargetID = 799E44E21AFC0D5A00E66A24;
					};
				};
			};
			buildConfigurationList = 799E44DE1AFC0D5A00E66A24 /* Build configuration list for PBXProject "ZekunApp" */;
			compatibilityVersion = "Xcode 3.2";
			developmentRegion = English;
			hasScannedForEncodings = 0;
			knownRegions = (
				en,
				Base,
			);
			mainGroup = 799E44DA1AFC0D5A00E66A24;
			productRefGroup = 799E44E41AFC0D5A00E66A24 /* Products */;
			projectDirPath = "";
			projectRoot = "";
			targets = (
				799E44E21AFC0D5A00E66A24 /* ZekunApp */,
				799E44F71AFC0D5A00E66A24 /* ZekunAppTests */,
			);
		};
/* End PBXProject section */

/* Begin PBXResourcesBuildPhase section */
		799E44E11AFC0D5A00E66A24 /* Resources */ = {
			isa = PBXResourcesBuildPhase;
			buildActionMask = 2147483647;
			files = (
				799E44EE1AFC0D5A00E66A24 /* Main.storyboard in Resources */,
				799E45091AFC0F7000E66A24 /* gray_world-640x384.png.gif in Resources */,
				799E450B1AFC18F900E66A24 /* satellite2.jpg in Resources */,
				799E44F31AFC0D5A00E66A24 /* LaunchScreen.xib in Resources */,
				799E44F01AFC0D5A00E66A24 /* Images.xcassets in Resources */,
			);
			runOnlyForDeploymentPostprocessing = 0;
		};
		799E44F61AFC0D5A00E66A24 /* Resources */ = {
			isa = PBXResourcesBuildPhase;
			buildActionMask = 2147483647;
			files = (
			);
			runOnlyForDeploymentPostprocessing = 0;
		};
/* End PBXResourcesBuildPhase section */

/* Begin PBXSourcesBuildPhase section */
		799E44DF1AFC0D5A00E66A24 /* Sources */ = {
			isa = PBXSourcesBuildPhase;
			buildActionMask = 2147483647;
			files = (
				799E44EB1AFC0D5A00E66A24 /* ViewController.swift in Sources */,
				799E44E91AFC0D5A00E66A24 /* AppDelegate.swift in Sources */,
			);
			runOnlyForDeploymentPostprocessing = 0;
		};
		799E44F41AFC0D5A00E66A24 /* Sources */ = {
			isa = PBXSourcesBuildPhase;
			buildActionMask = 2147483647;
			files = (
				799E44FF1AFC0D5A00E66A24 /* ZekunAppTests.swift in Sources */,
			);
			runOnlyForDeploymentPostprocessing = 0;
		};
/* End PBXSourcesBuildPhase section */

/* Begin PBXTargetDependency section */
		799E44FA1AFC0D5A00E66A24 /* PBXTargetDependency */ = {
			isa = PBXTargetDependency;
			target = 799E44E21AFC0D5A00E66A24 /* ZekunApp */;
			targetProxy = 799E44F91AFC0D5A00E66A24 /* PBXContainerItemProxy */;
		};
/* End PBXTargetDependency section */

/* Begin PBXVariantGroup section */
		799E44EC1AFC0D5A00E66A24 /* Main.storyboard */ = {
			isa = PBXVariantGroup;
			children = (
				799E44ED1AFC0D5A00E66A24 /* Base */,
			);
			name = Main.storyboard;
			sourceTree = "<group>";
		};
		799E44F11AFC0D5A00E66A24 /* LaunchScreen.xib */ = {
			isa = PBXVariantGroup;
			children = (
				799E44F21AFC0D5A00E66A24 /* Base */,
			);
			name = LaunchScreen.xib;
			sourceTree = "<group>";
		};
/* End PBXVariantGroup section */

/* Begin XCBuildConfiguration section */
		799E45001AFC0D5A00E66A24 /* Debug */ = {
			isa = XCBuildConfiguration;
			buildSettings = {
				ALWAYS_SEARCH_USER_PATHS = NO;
				CLANG_CXX_LANGUAGE_STANDARD = "gnu++0x";
				CLANG_CXX_LIBRARY = "libc++";
				CLANG_ENABLE_MODULES = YES;
				CLANG_ENABLE_OBJC_ARC = YES;
				CLANG_WARN_BOOL_CONVERSION = YES;
				CLANG_WARN_CONSTANT_CONVERSION = YES;
				CLANG_WARN_DIRECT_OBJC_ISA_USAGE = YES_ERROR;
				CLANG_WARN_EMPTY_BODY = YES;
				CLANG_WARN_ENUM_CONVERSION = YES;
				CLANG_WARN_INT_CONVERSION = YES;
				CLANG_WARN_OBJC_ROOT_CLASS = YES_ERROR;
				CLANG_WARN_UNREACHABLE_CODE = YES;
				CLANG_WARN__DUPLICATE_METHOD_MATCH = YES;
				"CODE_SIGN_IDENTITY[sdk=iphoneos*]" = "iPhone Developer";
				COPY_PHASE_STRIP = NO;
				DEBUG_INFORMATION_FORMAT = "dwarf-with-dsym";
				ENABLE_STRICT_OBJC_MSGSEND = YES;
				GCC_C_LANGUAGE_STANDARD = gnu99;
				GCC_DYNAMIC_NO_PIC = NO;
				GCC_NO_COMMON_BLOCKS = YES;
				GCC_OPTIMIZATION_LEVEL = 0;
				GCC_PREPROCESSOR_DEFINITIONS = (
					"DEBUG=1",
					"$(inherited)",
				);
				GCC_SYMBOLS_PRIVATE_EXTERN = NO;
				GCC_WARN_64_TO_32_BIT_CONVERSION = YES;
				GCC_WARN_ABOUT_RETURN_TYPE = YES_ERROR;
				GCC_WARN_UNDECLARED_SELECTOR = YES;
				GCC_WARN_UNINITIALIZED_AUTOS = YES_AGGRESSIVE;
				GCC_WARN_UNUSED_FUNCTION = YES;
				GCC_WARN_UNUSED_VARIABLE = YES;
				IPHONEOS_DEPLOYMENT_TARGET = 8.3;
				MTL_ENABLE_DEBUG_INFO = YES;
				ONLY_ACTIVE_ARCH = YES;
				SDKROOT = iphoneos;
				SWIFT_OPTIMIZATION_LEVEL = "-Onone";
				TARGETED_DEVICE_FAMILY = "1,2";
			};
			name = Debug;
		};
		799E45011AFC0D5A00E66A24 /* Release */ = {
			isa = XCBuildConfiguration;
			buildSettings = {
				ALWAYS_SEARCH_USER_PATHS = NO;
				CLANG_CXX_LANGUAGE_STANDARD = "gnu++0x";
				CLANG_CXX_LIBRARY = "libc++";
				CLANG_ENABLE_MODULES = YES;
				CLANG_ENABLE_OBJC_ARC = YES;
				CLANG_WARN_BOOL_CONVERSION = YES;
				CLANG_WARN_CONSTANT_CONVERSION = YES;
				CLANG_WARN_DIRECT_OBJC_ISA_USAGE = YES_ERROR;
				CLANG_WARN_EMPTY_BODY = YES;
				CLANG_WARN_ENUM_CONVERSION = YES;
				CLANG_WARN_INT_CONVERSION = YES;
				CLANG_WARN_OBJC_ROOT_CLASS = YES_ERROR;
				CLANG_WARN_UNREACHABLE_CODE = YES;
				CLANG_WARN__DUPLICATE_METHOD_MATCH = YES;
				"CODE_SIGN_IDENTITY[sdk=iphoneos*]" = "iPhone Developer";
				COPY_PHASE_STRIP = NO;
				DEBUG_INFORMATION_FORMAT = "dwarf-with-dsym";
				ENABLE_NS_ASSERTIONS = NO;
				ENABLE_STRICT_OBJC_MSGSEND = YES;
				GCC_C_LANGUAGE_STANDARD = gnu99;
				GCC_NO_COMMON_BLOCKS = YES;
				GCC_WARN_64_TO_32_BIT_CONVERSION = YES;
				GCC_WARN_ABOUT_RETURN_TYPE = YES_ERROR;
				GCC_WARN_UNDECLARED_SELECTOR = YES;
				GCC_WARN_UNINITIALIZED_AUTOS = YES_AGGRESSIVE;
				GCC_WARN_UNUSED_FUNCTION = YES;
				GCC_WARN_UNUSED_VARIABLE = YES;
				IPHONEOS_DEPLOYMENT_TARGET = 8.3;
				MTL_ENABLE_DEBUG_INFO = NO;
				SDKROOT = iphoneos;
				TARGETED_DEVICE_FAMILY = "1,2";
				VALIDATE_PRODUCT = YES;
			};
			name = Release;
		};
		799E45031AFC0D5A00E66A24 /* Debug */ = {
			isa = XCBuildConfiguration;
			buildSettings = {
				ASSETCATALOG_COMPILER_APPICON_NAME = AppIcon;
				INFOPLIST_FILE = ZekunApp/Info.plist;
				LD_RUNPATH_SEARCH_PATHS = "$(inherited) @executable_path/Frameworks";
				PRODUCT_NAME = "$(TARGET_NAME)";
			};
			name = Debug;
		};
		799E45041AFC0D5A00E66A24 /* Release */ = {
			isa = XCBuildConfiguration;
			buildSettings = {
				ASSETCATALOG_COMPILER_APPICON_NAME = AppIcon;
				INFOPLIST_FILE = ZekunApp/Info.plist;
				LD_RUNPATH_SEARCH_PATHS = "$(inherited) @executable_path/Frameworks";
				PRODUCT_NAME = "$(TARGET_NAME)";
			};
			name = Release;
		};
		799E45061AFC0D5A00E66A24 /* Debug */ = {
			isa = XCBuildConfiguration;
			buildSettings = {
				BUNDLE_LOADER = "$(TEST_HOST)";
				FRAMEWORK_SEARCH_PATHS = (
					"$(SDKROOT)/Developer/Library/Frameworks",
					"$(inherited)",
				);
				GCC_PREPROCESSOR_DEFINITIONS = (
					"DEBUG=1",
					"$(inherited)",
				);
				INFOPLIST_FILE = ZekunAppTests/Info.plist;
				LD_RUNPATH_SEARCH_PATHS = "$(inherited) @executable_path/Frameworks @loader_path/Frameworks";
				PRODUCT_NAME = "$(TARGET_NAME)";
				TEST_HOST = "$(BUILT_PRODUCTS_DIR)/ZekunApp.app/ZekunApp";
			};
			name = Debug;
		};
		799E45071AFC0D5A00E66A24 /* Release */ = {
			isa = XCBuildConfiguration;
			buildSettings = {
				BUNDLE_LOADER = "$(TEST_HOST)";
				FRAMEWORK_SEARCH_PATHS = (
					"$(SDKROOT)/Developer/Library/Frameworks",
					"$(inherited)",
				);
				INFOPLIST_FILE = ZekunAppTests/Info.plist;
				LD_RUNPATH_SEARCH_PATHS = "$(inherited) @executable_path/Frameworks @loader_path/Frameworks";
				PRODUCT_NAME = "$(TARGET_NAME)";
				TEST_HOST = "$(BUILT_PRODUCTS_DIR)/ZekunApp.app/ZekunApp";
			};
			name = Release;
		};
/* End XCBuildConfiguration section */

/* Begin XCConfigurationList section */
		799E44DE1AFC0D5A00E66A24 /* Build configuration list for PBXProject "ZekunApp" */ = {
			isa = XCConfigurationList;
			buildConfigurations = (
				799E45001AFC0D5A00E66A24 /* Debug */,
				799E45011AFC0D5A00E66A24 /* Release */,
			);
			defaultConfigurationIsVisible = 0;
			defaultConfigurationName = Release;
		};
		799E45021AFC0D5A00E66A24 /* Build configuration list for PBXNativeTarget "ZekunApp" */ = {
			isa = XCConfigurationList;
			buildConfigurations = (
				799E45031AFC0D5A00E66A24 /* Debug */,
				799E45041AFC0D5A00E66A24 /* Release */,
			);
			defaultConfigurationIsVisible = 0;
		};
		799E45051AFC0D5A00E66A24 /* Build configuration list for PBXNativeTarget "ZekunAppTests" */ = {
			isa = XCConfigurationList;
			buildConfigurations = (
				799E45061AFC0D5A00E66A24 /* Debug */,
				799E45071AFC0D5A00E66A24 /* Release */,
			);
			defaultConfigurationIsVisible = 0;
		};
/* End XCConfigurationList section */
	};
	rootObject = 799E44DB1AFC0D5A00E66A24 /* Project object */;
}
